
Microsoft Visual Studio Solution File, Format Version 12.00
# Visual Studio Version 17
VisualStudioVersion = 17.14.36705.20 d17.14
MinimumVisualStudioVersion = 10.0.40219.1
Project("{C9674DCB-5085-4A16-B785-4C70DD1589BD}") = "CompanyX ETL", "CompanyX ETL\CompanyX ETL.dtproj", "{B21330AD-6BAE-FB3F-94CF-7973D4EDD87A}"
EndProject
Global
	GlobalSection(SolutionConfigurationPlatforms) = preSolution
		Development|Default = Development|Default
	EndGlobalSection
	GlobalSection(ProjectConfigurationPlatforms) = postSolution
		{B21330AD-6BAE-FB3F-94CF-7973D4EDD87A}.Development|Default.ActiveCfg = Development
		{B21330AD-6BAE-FB3F-94CF-7973D4EDD87A}.Development|Default.Build.0 = Development
	EndGlobalSection
	GlobalSection(SolutionProperties) = preSolution
		HideSolutionNode = FALSE
	EndGlobalSection
	GlobalSection(ExtensibilityGlobals) = postSolution
		SolutionGuid = {BFBE79C4-37F7-4FEC-81DC-BD2DE3DB9076}
	EndGlobalSection
EndGlobal
